{
  "name": "@pleiades/sdk",
  "version": "0.0.1",
  "lockfileVersion": 3,
  "requires": true,
  "packages": {
    "": {
      "name": "@pleiades/sdk",
      "version": "0.0.1",
      "dependencies": {
        "@a11d/api": "^0.4.0",
        "@a11d/api-dotnet": "^0.1.0"
      },
      "devDependencies": {
        "@types/node": "^22.15.17",
        "tslib": "^2.8.1",
        "typescript": "^5.8.3"
      }
    },
    "node_modules/@a11d/api": {
      "version": "0.4.0",
      "resolved": "https://registry.npmjs.org/@a11d/api/-/api-0.4.0.tgz",
      "integrity": "sha512-UvydnRcCGj3krn8dhs/S+Z9zywHKDqOSJbL7bxCJ8bV7lDpJakdRLLuLiHIY71TkBfDZ1GB4gsyrwAh0l1yIJA==",
      "license": "MIT",
      "dependencies": {
        "@a11d/constructor": "x"
      }
    },
    "node_modules/@a11d/api-dotnet": {
      "version": "0.1.0",
      "resolved": "https://registry.npmjs.org/@a11d/api-dotnet/-/api-dotnet-0.1.0.tgz",
      "integrity": "sha512-tJs3FLKh3qF17+Q+cnayP3Ld4wgW6+GAdWcNMFM0VZS7a3Se0gEbHuMiz2cGtAXQ5ZOI9OwluAA0IgsLmZSpCg==",
      "license": "MIT",
      "dependencies": {
        "@a11d/api": "x",
        "@a11d/api-model-value-constructor": "x"
      }
    },
    "node_modules/@a11d/api-model-value-constructor": {
      "version": "1.1.0",
      "resolved": "https://registry.npmjs.org/@a11d/api-model-value-constructor/-/api-model-value-constructor-1.1.0.tgz",
      "integrity": "sha512-MZZ7iK0lnifcZBgVBxJGtoSviwGFSlmVoAoBvHVMVFsWtVYmqsJxi6S6+p++TwC0aEoPmZv2wJe/wvs+2uAQqg==",
      "license": "MIT",
      "dependencies": {
        "@a11d/api": "x",
        "@a11d/constructor": "x",
        "@a11d/is-writable": "x"
      }
    },
    "node_modules/@a11d/constructor": {
      "version": "0.1.0",
      "resolved": "https://registry.npmjs.org/@a11d/constructor/-/constructor-0.1.0.tgz",
      "integrity": "sha512-4oSyyY+nHd/NesVmcncaqbQ2TL1Z9tzZurFFBtjzVnyyJ7ntWsBKw/AHsXEggM5c/SUhMXQ50mcyy0+YJ7ZVTw==",
      "license": "MIT"
    },
    "node_modules/@a11d/is-writable": {
      "version": "1.0.2",
      "resolved": "https://registry.npmjs.org/@a11d/is-writable/-/is-writable-1.0.2.tgz",
      "integrity": "sha512-m/SRTNFcJMNNy3LxLDH5G1l3uAPsdoiodivnUsDtGZ1Rtu2e1HZnJqLxMGxfGtiicO3R4FDok4JwOLqZCAOYZA==",
      "license": "MIT"
    },
    "node_modules/@types/node": {
      "version": "22.19.19",
      "resolved": "https://registry.npmjs.org/@types/node/-/node-22.19.19.tgz",
      "integrity": "sha512-dyh/xO2Fh5bYrfWaaqGrRQQGkNdmYw6AmaAUvYeUMNTWQtvb796ikLdmTchRmOlOiIJ1TDXfWgVx1QkUlQ6Hew==",
      "dev": true,
      "license": "MIT",
      "dependencies": {
        "undici-types": "~6.21.0"
      }
    },
    "node_modules/tslib": {
      "version": "2.8.1",
      "resolved": "https://registry.npmjs.org/tslib/-/tslib-2.8.1.tgz",
      "integrity": "sha512-oJFu94HQb+KVduSUQL7wnpmqnfmLsOA/nAh6b6EH0wCEoK0/mPeXU6c3wKDV83MkOuHPRHtSXKKU99IBazS/2w==",
      "dev": true,
      "license": "0BSD"
    },
    "node_modules/typescript": {
      "version": "5.9.3",
      "resolved": "https://registry.npmjs.org/typescript/-/typescript-5.9.3.tgz",
      "integrity": "sha512-jl1vZzPDinLr9eUt3J/t7V6FgNEw9QjvBPdysz9KfQDD41fQrC2Y4vKQdiaUpFT4bXlb1RHhLpp8wtm6M5TgSw==",
      "dev": true,
      "license": "Apache-2.0",
      "bin": {
        "tsc": "bin/tsc",
        "tsserver": "bin/tsserver"
      },
      "engines": {
        "node": ">=14.17"
      }
    },
    "node_modules/undici-types": {
      "version": "6.21.0",
      "resolved": "https://registry.npmjs.org/undici-types/-/undici-types-6.21.0.tgz",
      "integrity": "sha512-iwDZqg0QAGrg9Rav5H4n0M64c3mkR59cJ6wQp+7C4nI0gsmExaedaYLNO44eT4AtBBwjbTiGPMlt2Md0T9H9JQ==",
      "dev": true,
      "license": "MIT"
    }
  }
}
