{
	"name": "@pleiades/sipa",
	"version": "0.2c",
	"lockfileVersion": 3,
	"requires": true,
	"packages": {
		"": {
			"name": "@pleiades/sipa",
			"version": "0.2c",
			"dependencies": {
				"@3mo/focus-controller": "^1.2.1",
				"@3mo/indexability": "0.2.0",
				"@3mo/interval-controller": "0.0.5",
				"@3mo/navigability": "0.1.0",
				"@3mo/pointer-controller": "^1.5.0",
				"@3mo/popover": "^0.11.1",
				"@3mo/slot-controller": "^0.3.6",
				"@3mo/tooltip": "^0.11.1",
				"@a11d/lit": "^0.11.1",
				"@dagrejs/dagre": "^1.1.4",
				"@open-draft/deferred-promise": "^3.0.0",
				"@pleiades/sdk": "file:../sdk.ts",
				"lucide": "1.47.0"
			},
			"devDependencies": {
				"typescript": "^5.9.3"
			}
		},
		"../sdk.ts": {
			"name": "@pleiades/sdk",
			"version": "0.2c",
			"dependencies": {
				"@a11d/api": "^0.4.0",
				"@a11d/api-dotnet": "^0.1.0"
			},
			"devDependencies": {
				"@types/node": "^22.15.17",
				"@typescript-eslint/parser": "^8.46.3",
				"esbuild": "^0.28.2",
				"eslint": "^9.38.0",
				"tslib": "^2.8.1",
				"typescript": "^5.8.3",
				"vitest": "^5.0.0"
			}
		},
		"node_modules/@3mo/color": {
			"version": "0.1.6",
			"resolved": "https://registry.npmjs.org/@3mo/color/-/color-0.1.6.tgz",
			"integrity": "sha512-WcKyMnDjEIEt/SrXD7HQ0Ms2kmjrddsgbiLKNtABaQ6REaSTgtgPXCQjkw05MqDSORTYRJx2d49JJiGgLxKvxQ==",
			"license": "MIT",
			"dependencies": {
				"@types/color-string": "1.x",
				"color-string": "1.x",
				"tslib": "x"
			}
		},
		"node_modules/@3mo/focus-controller": {
			"version": "1.2.1",
			"resolved": "https://registry.npmjs.org/@3mo/focus-controller/-/focus-controller-1.2.1.tgz",
			"integrity": "sha512-hqNgbfkAEKpTOrMT0dkWi9mrONOpqvBMzydTrJe9H3oA9YBKF0asW4Y5L9WxmEnMgYjcNFfXK7TKiKalkEL0vg==",
			"license": "MIT",
			"dependencies": {
				"@a11d/lit": "x",
				"tslib": "x"
			}
		},
		"node_modules/@3mo/indexability": {
			"version": "0.2.0",
			"resolved": "https://registry.npmjs.org/@3mo/indexability/-/indexability-0.2.0.tgz",
			"integrity": "sha512-ALQ0gjnoUvzZ7nfm+GVbKQzgq9VCFuGnZkOmCmimKkJynOIFCxbNy4AD7AhDcyBmMOwJCjy6Cte/ZzxS4YoXWg==",
			"license": "MIT",
			"dependencies": {
				"@a11d/lit": "x",
				"tslib": "x"
			}
		},
		"node_modules/@3mo/interval-controller": {
			"version": "0.0.5",
			"resolved": "https://registry.npmjs.org/@3mo/interval-controller/-/interval-controller-0.0.5.tgz",
			"integrity": "sha512-KYTqIHZ7DZk5Rzx0LTrTJofM6YbCrCujgWSsf0xqVcvsipy46DEh5+hWSgE39/Y08D3lTduSlkvDeMUUATtfMQ==",
			"license": "MIT",
			"dependencies": {
				"@a11d/lit": "x",
				"tslib": "x"
			}
		},
		"node_modules/@3mo/localization": {
			"version": "0.9.2",
			"resolved": "https://registry.npmjs.org/@3mo/localization/-/localization-0.9.2.tgz",
			"integrity": "sha512-xL2sfH+4JtmEW8VIUG0ZTAvkm910Ys2Y+Heuss9zteTMMpAk5gkFGmdHO7O6DrcR6RscIC4SvzoZvR+WgWjdug==",
			"license": "MIT",
			"dependencies": {
				"@a11d/local-storage": "x",
				"intl-format-cache": "4.x",
				"tslib": "x"
			}
		},
		"node_modules/@3mo/navigability": {
			"version": "0.1.0",
			"resolved": "https://registry.npmjs.org/@3mo/navigability/-/navigability-0.1.0.tgz",
			"integrity": "sha512-VgJnTUTtRWDpkFwmpJ3+tTR3oX7xZM17+6BzllTK6ff0VhvqyIEtu+7mai1v4jCAXV0tdGSrgx1eUVup5hGX/A==",
			"license": "MIT",
			"dependencies": {
				"@3mo/indexability": "x",
				"@a11d/lit": "x",
				"tslib": "x"
			}
		},
		"node_modules/@3mo/pointer-controller": {
			"version": "1.5.0",
			"resolved": "https://registry.npmjs.org/@3mo/pointer-controller/-/pointer-controller-1.5.0.tgz",
			"integrity": "sha512-MyAv+GfpWUW4K/6ElsqBAYZjXlUWDE6w+hicY7OediK8umA5YTbNpeHU9T1J4eZMmM9lWQ2rcLVbkffcfL4sKw==",
			"license": "MIT",
			"dependencies": {
				"@a11d/lit": "x",
				"tslib": "x"
			}
		},
		"node_modules/@3mo/popover": {
			"version": "0.11.1",
			"resolved": "https://registry.npmjs.org/@3mo/popover/-/popover-0.11.1.tgz",
			"integrity": "sha512-hpZFrnOVAuL2q3LUzPNZ567e4TNMI1qel3MXEszA1JBfP7tEnkNkFf+ocnJfoRn0I2Wm6pj6M1eLIUhpp49P/g==",
			"license": "MIT",
			"dependencies": {
				"@3mo/focus-controller": ">=1.2.x",
				"@3mo/localization": "x",
				"@3mo/pointer-controller": ">=1.4.0",
				"@3mo/resize-observer": "x",
				"@3mo/slot-controller": "x",
				"@3mo/theme": "x",
				"@a11d/lit": "x",
				"@a11d/non-inertable-component": "x",
				"@floating-ui/dom": "1.x",
				"requestidlecallback-polyfill": "x",
				"tslib": "x"
			}
		},
		"node_modules/@3mo/resize-observer": {
			"version": "0.0.7",
			"resolved": "https://registry.npmjs.org/@3mo/resize-observer/-/resize-observer-0.0.7.tgz",
			"integrity": "sha512-ykPZpXZS0Wd+6unGzgaPtrCT04cf8nU+lbT0DOjvtATK3YYAWBIH17hmTRecf8d8P7S37vUeAmcfUiFdBMCiRQ==",
			"license": "MIT",
			"dependencies": {
				"@a11d/lit": "x",
				"@lit-labs/observers": "x",
				"tslib": "x"
			}
		},
		"node_modules/@3mo/slot-controller": {
			"version": "0.3.6",
			"resolved": "https://registry.npmjs.org/@3mo/slot-controller/-/slot-controller-0.3.6.tgz",
			"integrity": "sha512-2poq7XsPTuSR1Yp06jPaxpvr0qpgnj+vvusQjp8bGUChoX9FVWRyb62A4ZnEbH+cfQwiV8CwpolMOj+v5vrGIQ==",
			"license": "MIT",
			"dependencies": {
				"@a11d/lit": "x",
				"tslib": "x"
			}
		},
		"node_modules/@3mo/theme": {
			"version": "0.5.3",
			"resolved": "https://registry.npmjs.org/@3mo/theme/-/theme-0.5.3.tgz",
			"integrity": "sha512-90CS4D5iyVFqJh5ewhqz9xpJkNywQfCNdqxUycpFonwBjl6VOA/Y1r54thklTXYNNl7LEE2sr3fE3MYwU7orEw==",
			"license": "MIT",
			"dependencies": {
				"@3mo/color": "x",
				"@a11d/lit": "x",
				"@a11d/local-storage": "x",
				"@a11d/root-css-injector": "x",
				"tslib": "x"
			}
		},
		"node_modules/@3mo/tooltip": {
			"version": "0.11.1",
			"resolved": "https://registry.npmjs.org/@3mo/tooltip/-/tooltip-0.11.1.tgz",
			"integrity": "sha512-IqiIi+twxsXTrMxXpQGENzMIjeFF9c6F6VhHR+LYoFG2KyAmYhRcavWafmT0eQHeOlg1neK7Y35gofcn5VjE+w==",
			"license": "MIT",
			"dependencies": {
				"@3mo/popover": ">=0.11.x",
				"@3mo/theme": "x",
				"@a11d/lit": "x",
				"tslib": "x"
			}
		},
		"node_modules/@a11d/constructor": {
			"version": "0.1.0",
			"resolved": "https://registry.npmjs.org/@a11d/constructor/-/constructor-0.1.0.tgz",
			"integrity": "sha512-4oSyyY+nHd/NesVmcncaqbQ2TL1Z9tzZurFFBtjzVnyyJ7ntWsBKw/AHsXEggM5c/SUhMXQ50mcyy0+YJ7ZVTw==",
			"license": "MIT"
		},
		"node_modules/@a11d/is-writable": {
			"version": "1.0.2",
			"resolved": "https://registry.npmjs.org/@a11d/is-writable/-/is-writable-1.0.2.tgz",
			"integrity": "sha512-m/SRTNFcJMNNy3LxLDH5G1l3uAPsdoiodivnUsDtGZ1Rtu2e1HZnJqLxMGxfGtiicO3R4FDok4JwOLqZCAOYZA==",
			"license": "MIT"
		},
		"node_modules/@a11d/key-path": {
			"version": "2.1.0",
			"resolved": "https://registry.npmjs.org/@a11d/key-path/-/key-path-2.1.0.tgz",
			"integrity": "sha512-/OXyMgH+5ZIbsOozRh57NS+Fq2zQ3gskCAYSoCV/OC2u5PqXPIrvaUE1Ct+mgoYIw8ov1TDcIupoU29Dq1pbbA==",
			"license": "MIT",
			"dependencies": {
				"@a11d/is-writable": "1.x"
			}
		},
		"node_modules/@a11d/lit": {
			"version": "0.11.1",
			"resolved": "https://registry.npmjs.org/@a11d/lit/-/lit-0.11.1.tgz",
			"integrity": "sha512-ORUHu99Hy53W7naJSaTJR9z6niQb6L5b900jEoQkqopsvZh4/rm52WvV/DEEv9+hMc0mpCxJ8nR+5O2JAmGWrQ==",
			"license": "MIT",
			"dependencies": {
				"@a11d/constructor": "x",
				"@a11d/key-path": "2.x",
				"csstype": "x",
				"lit": "3.x"
			}
		},
		"node_modules/@a11d/local-storage": {
			"version": "1.1.0",
			"resolved": "https://registry.npmjs.org/@a11d/local-storage/-/local-storage-1.1.0.tgz",
			"integrity": "sha512-TyzqL/6o6Ht+G/ytEtWquP8yP35SLLRJ3XwwlCVh8+986+J+vRzsOdXJHRbtXaaj79sEpPGMR3sNR+1f3BKKrw==",
			"license": "MIT",
			"dependencies": {
				"tslib": "x"
			}
		},
		"node_modules/@a11d/non-inertable-component": {
			"version": "0.1.0",
			"resolved": "https://registry.npmjs.org/@a11d/non-inertable-component/-/non-inertable-component-0.1.0.tgz",
			"integrity": "sha512-s+0u/J4mgDkLGnNKYgt5afVAqVulgHG9wuGwGaGFX2GaU/+YqIY7MrFBztbXGsMTnmZEjyo2nhnDpronx6S6FQ==",
			"license": "MIT",
			"dependencies": {
				"@a11d/lit": "x"
			}
		},
		"node_modules/@a11d/root-css-injector": {
			"version": "0.1.0",
			"resolved": "https://registry.npmjs.org/@a11d/root-css-injector/-/root-css-injector-0.1.0.tgz",
			"integrity": "sha512-llZgT3svoPnLDX9P+Nl1iBC2iRhtmyE7lTSJIFqFNPFtLrR3ajd4DFIvnkQagOGuoXIzL2j4n1ru4IpOHN8svA==",
			"license": "MIT",
			"dependencies": {
				"@a11d/lit": "x"
			}
		},
		"node_modules/@dagrejs/dagre": {
			"version": "1.1.8",
			"resolved": "https://registry.npmjs.org/@dagrejs/dagre/-/dagre-1.1.8.tgz",
			"integrity": "sha512-5SEDlndt4W/LaVzPYJW+bSmSEZc9EzTf8rJ20WCKvjS5EAZAN0b+x0Yww7VMT4R3Wootkg+X9bUfUxazYw6Blw==",
			"license": "MIT",
			"dependencies": {
				"@dagrejs/graphlib": "2.2.4"
			}
		},
		"node_modules/@dagrejs/graphlib": {
			"version": "2.2.4",
			"resolved": "https://registry.npmjs.org/@dagrejs/graphlib/-/graphlib-2.2.4.tgz",
			"integrity": "sha512-mepCf/e9+SKYy1d02/UkvSy6+6MoyXhVxP8lLDfA7BPE1X1d4dR0sZznmbM8/XVJ1GPM+Svnx7Xj6ZweByWUkw==",
			"license": "MIT",
			"engines": {
				"node": ">17.0.0"
			}
		},
		"node_modules/@floating-ui/core": {
			"version": "1.8.0",
			"resolved": "https://registry.npmjs.org/@floating-ui/core/-/core-1.8.0.tgz",
			"integrity": "sha512-0CIZ5itps/8x7BG8dEIhs53BvCUH2PCoogtakwRTut+Arm58sJooJ0AuZhLw2HJYIR5cMLNPBSS728sPho2khQ==",
			"license": "MIT",
			"dependencies": {
				"@floating-ui/utils": "^0.2.12"
			}
		},
		"node_modules/@floating-ui/dom": {
			"version": "1.8.0",
			"resolved": "https://registry.npmjs.org/@floating-ui/dom/-/dom-1.8.0.tgz",
			"integrity": "sha512-yXSrzeHZBTZadLOlfyhCkJHNeLJnHRnRInwdZ40L7ZiaAtrBwoYlsDrX3v5zB1Utk7CLfzcOVnVVWoXEky7Ceg==",
			"license": "MIT",
			"dependencies": {
				"@floating-ui/core": "^1.8.0",
				"@floating-ui/utils": "^0.2.12"
			}
		},
		"node_modules/@floating-ui/utils": {
			"version": "0.2.12",
			"resolved": "https://registry.npmjs.org/@floating-ui/utils/-/utils-0.2.12.tgz",
			"integrity": "sha512-HpCo8tmWzLVad5s2d19EhAz5zqrrQ6s69qd6moPMQvkOuSwDT1YgRfWSVuc4ennqrgv3OHppiOGMQ7oC13yIww==",
			"license": "MIT"
		},
		"node_modules/@lit-labs/observers": {
			"version": "2.1.0",
			"resolved": "https://registry.npmjs.org/@lit-labs/observers/-/observers-2.1.0.tgz",
			"integrity": "sha512-oeQ2tvi/ygq7S+VgnXIInMKHHFPFqvIV9j2zBzpCwl33cWviT2ltuxNpbd11etwtUVsM8woKQzfVnrc80PKhKA==",
			"license": "BSD-3-Clause",
			"dependencies": {
				"@lit/reactive-element": "^1.0.0 || ^2.0.0"
			}
		},
		"node_modules/@lit-labs/ssr-dom-shim": {
			"version": "1.6.0",
			"resolved": "https://registry.npmjs.org/@lit-labs/ssr-dom-shim/-/ssr-dom-shim-1.6.0.tgz",
			"integrity": "sha512-VHb0ALPMTlgKjM6yIxxoQNnpKyUKLD04VzeQdsiXkMqkvYlAHxq9glGLmgbb889/1GsohSOAjvQYoiBppXFqrQ==",
			"license": "BSD-3-Clause"
		},
		"node_modules/@lit/reactive-element": {
			"version": "2.1.2",
			"resolved": "https://registry.npmjs.org/@lit/reactive-element/-/reactive-element-2.1.2.tgz",
			"integrity": "sha512-pbCDiVMnne1lYUIaYNN5wrwQXDtHaYtg7YEFPeW+hws6U47WeFvISGUWekPGKWOP1ygrs0ef0o1VJMk1exos5A==",
			"license": "BSD-3-Clause",
			"dependencies": {
				"@lit-labs/ssr-dom-shim": "^1.5.0"
			}
		},
		"node_modules/@open-draft/deferred-promise": {
			"version": "3.0.0",
			"resolved": "https://registry.npmjs.org/@open-draft/deferred-promise/-/deferred-promise-3.0.0.tgz",
			"integrity": "sha512-XW375UK8/9SqUVNVa6M0yEy8+iTi4QN5VZ7aZuRFQmy76LRwI9wy5F4YIBU6T+eTe2/DNDo8tqu8RHlwLHM6RA==",
			"license": "MIT"
		},
		"node_modules/@pleiades/sdk": {
			"resolved": "../sdk.ts",
			"link": true
		},
		"node_modules/@types/color-string": {
			"version": "1.5.5",
			"resolved": "https://registry.npmjs.org/@types/color-string/-/color-string-1.5.5.tgz",
			"integrity": "sha512-p9+C1ssJsjnHV8nn96rkimm2h90LclLIwgBfiMCHW0oUr6jLmB+wzZUEGJPduB/D2RzI2Ahoe69xKNOawX6jgw==",
			"license": "MIT"
		},
		"node_modules/@types/trusted-types": {
			"version": "2.0.7",
			"resolved": "https://registry.npmjs.org/@types/trusted-types/-/trusted-types-2.0.7.tgz",
			"integrity": "sha512-ScaPdn1dQczgbl0QFTeTOmVHFULt394XJgOQNoyVhZ6r2vLnMLJfBPd53SB52T/3G36VI1/g2MZaX0cwDuXsfw==",
			"license": "MIT"
		},
		"node_modules/color-name": {
			"version": "1.1.4",
			"resolved": "https://registry.npmjs.org/color-name/-/color-name-1.1.4.tgz",
			"integrity": "sha512-dOy+3AuW3a2wNbZHIuMZpTcgjGuLU/uBL/ubcZF9OXbDo8ff4O8yVp5Bf0efS8uEoYo5q4Fx7dY9OgQGXgAsQA==",
			"license": "MIT"
		},
		"node_modules/color-string": {
			"version": "1.9.1",
			"resolved": "https://registry.npmjs.org/color-string/-/color-string-1.9.1.tgz",
			"integrity": "sha512-shrVawQFojnZv6xM40anx4CkoDP+fZsw/ZerEMsW/pyzsRbElpsL/DBVW7q3ExxwusdNXI3lXpuhEZkzs8p5Eg==",
			"license": "MIT",
			"dependencies": {
				"color-name": "^1.0.0",
				"simple-swizzle": "^0.2.2"
			}
		},
		"node_modules/csstype": {
			"version": "3.2.3",
			"resolved": "https://registry.npmjs.org/csstype/-/csstype-3.2.3.tgz",
			"integrity": "sha512-z1HGKcYy2xA8AGQfwrn0PAy+PB7X/GSj3UVJW9qKyn43xWa+gl5nXmU4qqLMRzWVLFC8KusUX8T/0kCiOYpAIQ==",
			"license": "MIT"
		},
		"node_modules/intl-format-cache": {
			"version": "4.3.1",
			"resolved": "https://registry.npmjs.org/intl-format-cache/-/intl-format-cache-4.3.1.tgz",
			"integrity": "sha512-OEUYNA7D06agqPOYhbTkl0T8HA3QKSuwWh1HiClEnpd9vw7N+3XsQt5iZ0GUEchp5CW1fQk/tary+NsbF3yQ1Q==",
			"license": "BSD-3-Clause"
		},
		"node_modules/is-arrayish": {
			"version": "0.3.4",
			"resolved": "https://registry.npmjs.org/is-arrayish/-/is-arrayish-0.3.4.tgz",
			"integrity": "sha512-m6UrgzFVUYawGBh1dUsWR5M2Clqic9RVXC/9f8ceNlv2IcO9j9J/z8UoCLPqtsPBFNzEpfR3xftohbfqDx8EQA==",
			"license": "MIT"
		},
		"node_modules/lit": {
			"version": "3.3.3",
			"resolved": "https://registry.npmjs.org/lit/-/lit-3.3.3.tgz",
			"integrity": "sha512-fycuvZg/hkpozL00lm1pEJH5nN/lr9ZXd6mJI2HSN4+Bzc+LDNdEApJ6HFbPkdFNHLvOplIIuJvxkS4XUxqirw==",
			"license": "BSD-3-Clause",
			"dependencies": {
				"@lit/reactive-element": "^2.1.0",
				"lit-element": "^4.2.0",
				"lit-html": "^3.3.0"
			}
		},
		"node_modules/lit-element": {
			"version": "4.2.2",
			"resolved": "https://registry.npmjs.org/lit-element/-/lit-element-4.2.2.tgz",
			"integrity": "sha512-aFKhNToWxoyhkNDmWZwEva2SlQia+jfG0fjIWV//YeTaWrVnOxD89dPKfigCUspXFmjzOEUQpOkejH5Ly6sG0w==",
			"license": "BSD-3-Clause",
			"dependencies": {
				"@lit-labs/ssr-dom-shim": "^1.5.0",
				"@lit/reactive-element": "^2.1.0",
				"lit-html": "^3.3.0"
			}
		},
		"node_modules/lit-html": {
			"version": "3.3.3",
			"resolved": "https://registry.npmjs.org/lit-html/-/lit-html-3.3.3.tgz",
			"integrity": "sha512-el8M6jK2o3RXBnrSHX3ZKrsN8zEV63pSExTO1wYJz7QndGYZ8353e2a5PPX+qHe2aGayfnchQmkAojaWAREOIA==",
			"license": "BSD-3-Clause",
			"dependencies": {
				"@types/trusted-types": "^2.0.2"
			}
		},
		"node_modules/lucide": {
			"version": "1.47.0",
			"resolved": "https://registry.npmjs.org/lucide/-/lucide-1.47.0.tgz",
			"integrity": "sha512-gJoVJM5fvpBDGZTvhpJS9IEurz85HbD+wgOlCkXCIw35tHrqTxSdIYUN9sXvs7Aw3NCl67A+nlotNyoU4u7zOQ==",
			"license": "ISC"
		},
		"node_modules/requestidlecallback-polyfill": {
			"version": "1.0.2",
			"resolved": "https://registry.npmjs.org/requestidlecallback-polyfill/-/requestidlecallback-polyfill-1.0.2.tgz",
			"integrity": "sha512-zzkRzvMe7UdV0M7AIU70vl2fh4rFnNYDL8U0ISwWiOX/5MowBV1ESYCWSQP/KsgJNUOC/AS6X3DApOmxoyE6MA==",
			"license": "MIT AND Apache-2.0"
		},
		"node_modules/simple-swizzle": {
			"version": "0.2.4",
			"resolved": "https://registry.npmjs.org/simple-swizzle/-/simple-swizzle-0.2.4.tgz",
			"integrity": "sha512-nAu1WFPQSMNr2Zn9PGSZK9AGn4t/y97lEm+MXTtUDwfP0ksAIX4nO+6ruD9Jwut4C49SB1Ws+fbXsm/yScWOHw==",
			"license": "MIT",
			"dependencies": {
				"is-arrayish": "^0.3.1"
			}
		},
		"node_modules/tslib": {
			"version": "2.8.1",
			"resolved": "https://registry.npmjs.org/tslib/-/tslib-2.8.1.tgz",
			"integrity": "sha512-oJFu94HQb+KVduSUQL7wnpmqnfmLsOA/nAh6b6EH0wCEoK0/mPeXU6c3wKDV83MkOuHPRHtSXKKU99IBazS/2w==",
			"license": "0BSD"
		},
		"node_modules/typescript": {
			"version": "5.9.3",
			"resolved": "https://registry.npmjs.org/typescript/-/typescript-5.9.3.tgz",
			"integrity": "sha512-jl1vZzPDinLr9eUt3J/t7V6FgNEw9QjvBPdysz9KfQDD41fQrC2Y4vKQdiaUpFT4bXlb1RHhLpp8wtm6M5TgSw==",
			"dev": true,
			"license": "Apache-2.0",
			"bin": {
				"tsc": "bin/tsc",
				"tsserver": "bin/tsserver"
			},
			"engines": {
				"node": ">=14.17"
			}
		}
	}
}
